
Microsoft Visual Studio Solution File, Format Version 12.00
# Visual Studio 15
VisualStudioVersion = 15.0.27004.2005
MinimumVisualStudioVersion = 10.0.40219.1
Project("{9A19103F-16F7-4668-BE54-9A1E7A4F7556}") = "MasterDataManager", "MasterDataManager\MasterDataManager.csproj", "{2D89A0E9-F71A-465A-951D-49D3467B6ED7}"
EndProject
Project("{E53339B2-1760-4266-BCC7-CA923CBCF16C}") = "docker-compose", "docker-compose.dcproj", "{20E4675B-7D6C-4F40-A8CE-08FF43A1F948}"
EndProject
Project("{9A19103F-16F7-4668-BE54-9A1E7A4F7556}") = "DataLayer", "DataLayer\DataLayer.csproj", "{4F5D03BD-6E87-4430-ACF7-B15980C282E0}"
EndProject
Global
	GlobalSection(SolutionConfigurationPlatforms) = preSolution
		Debug|Any CPU = Debug|Any CPU
		Release|Any CPU = Release|Any CPU
	EndGlobalSection
	GlobalSection(ProjectConfigurationPlatforms) = postSolution
		{2D89A0E9-F71A-465A-951D-49D3467B6ED7}.Debug|Any CPU.ActiveCfg = Debug|Any CPU
		{2D89A0E9-F71A-465A-951D-49D3467B6ED7}.Debug|Any CPU.Build.0 = Debug|Any CPU
		{2D89A0E9-F71A-465A-951D-49D3467B6ED7}.Release|Any CPU.ActiveCfg = Release|Any CPU
		{2D89A0E9-F71A-465A-951D-49D3467B6ED7}.Release|Any CPU.Build.0 = Release|Any CPU
		{20E4675B-7D6C-4F40-A8CE-08FF43A1F948}.Debug|Any CPU.ActiveCfg = Debug|Any CPU
		{20E4675B-7D6C-4F40-A8CE-08FF43A1F948}.Debug|Any CPU.Build.0 = Debug|Any CPU
		{20E4675B-7D6C-4F40-A8CE-08FF43A1F948}.Release|Any CPU.ActiveCfg = Release|Any CPU
		{20E4675B-7D6C-4F40-A8CE-08FF43A1F948}.Release|Any CPU.Build.0 = Release|Any CPU
		{4F5D03BD-6E87-4430-ACF7-B15980C282E0}.Debug|Any CPU.ActiveCfg = Debug|Any CPU
		{4F5D03BD-6E87-4430-ACF7-B15980C282E0}.Debug|Any CPU.Build.0 = Debug|Any CPU
		{4F5D03BD-6E87-4430-ACF7-B15980C282E0}.Release|Any CPU.ActiveCfg = Release|Any CPU
		{4F5D03BD-6E87-4430-ACF7-B15980C282E0}.Release|Any CPU.Build.0 = Release|Any CPU
	EndGlobalSection
	GlobalSection(SolutionProperties) = preSolution
		HideSolutionNode = FALSE
	EndGlobalSection
	GlobalSection(ExtensibilityGlobals) = postSolution
		SolutionGuid = {7F4E9E44-7B41-41B2-BBB2-179F058B7321}
	EndGlobalSection
EndGlobal
