
Microsoft Visual Studio Solution File, Format Version 12.00
# Visual Studio 15
VisualStudioVersion = 15.0.27004.2005
MinimumVisualStudioVersion = 10.0.40219.1
Project("{9A19103F-16F7-4668-BE54-9A1E7A4F7556}") = "MarketDataProvider", "MarketDataProvider\MarketDataProvider.csproj", "{15952940-0008-42CE-96DC-F6AEFB7949E0}"
EndProject
Project("{E53339B2-1760-4266-BCC7-CA923CBCF16C}") = "docker-compose", "docker-compose.dcproj", "{FF60991F-30CA-488F-A08E-F603BBFCF57E}"
EndProject
Project("{FAE04EC0-301F-11D3-BF4B-00C04F79EFBC}") = "DataLayer", "DataLayer\DataLayer.csproj", "{1EE3697C-1705-4A92-B483-28ECB6AA79F4}"
EndProject
Global
	GlobalSection(SolutionConfigurationPlatforms) = preSolution
		Debug|Any CPU = Debug|Any CPU
		Release|Any CPU = Release|Any CPU
	EndGlobalSection
	GlobalSection(ProjectConfigurationPlatforms) = postSolution
		{15952940-0008-42CE-96DC-F6AEFB7949E0}.Debug|Any CPU.ActiveCfg = Debug|Any CPU
		{15952940-0008-42CE-96DC-F6AEFB7949E0}.Debug|Any CPU.Build.0 = Debug|Any CPU
		{15952940-0008-42CE-96DC-F6AEFB7949E0}.Release|Any CPU.ActiveCfg = Release|Any CPU
		{15952940-0008-42CE-96DC-F6AEFB7949E0}.Release|Any CPU.Build.0 = Release|Any CPU
		{FF60991F-30CA-488F-A08E-F603BBFCF57E}.Debug|Any CPU.ActiveCfg = Debug|Any CPU
		{FF60991F-30CA-488F-A08E-F603BBFCF57E}.Debug|Any CPU.Build.0 = Debug|Any CPU
		{FF60991F-30CA-488F-A08E-F603BBFCF57E}.Release|Any CPU.ActiveCfg = Release|Any CPU
		{FF60991F-30CA-488F-A08E-F603BBFCF57E}.Release|Any CPU.Build.0 = Release|Any CPU
		{1EE3697C-1705-4A92-B483-28ECB6AA79F4}.Debug|Any CPU.ActiveCfg = Debug|Any CPU
		{1EE3697C-1705-4A92-B483-28ECB6AA79F4}.Debug|Any CPU.Build.0 = Debug|Any CPU
		{1EE3697C-1705-4A92-B483-28ECB6AA79F4}.Release|Any CPU.ActiveCfg = Release|Any CPU
		{1EE3697C-1705-4A92-B483-28ECB6AA79F4}.Release|Any CPU.Build.0 = Release|Any CPU
	EndGlobalSection
	GlobalSection(SolutionProperties) = preSolution
		HideSolutionNode = FALSE
	EndGlobalSection
	GlobalSection(ExtensibilityGlobals) = postSolution
		SolutionGuid = {8E9A6852-BC86-4811-9A09-3945443D5D41}
	EndGlobalSection
EndGlobal
